
Microsoft Visual Studio Solution File, Format Version 12.00
# Visual Studio Version 16
VisualStudioVersion = 16.0.30907.101
MinimumVisualStudioVersion = 10.0.40219.1
Project("{FAE04EC0-301F-11D3-BF4B-00C04F79EFBC}") = "KuzProject", "KuzProject.csproj", "{308FB198-655A-4770-BFE4-CB71D2000FDB}"
EndProject
Global
	GlobalSection(SolutionConfigurationPlatforms) = preSolution
		Debug|Any CPU = Debug|Any CPU
		Release|Any CPU = Release|Any CPU
	EndGlobalSection
	GlobalSection(ProjectConfigurationPlatforms) = postSolution
		{308FB198-655A-4770-BFE4-CB71D2000FDB}.Debug|Any CPU.ActiveCfg = Debug|Any CPU
		{308FB198-655A-4770-BFE4-CB71D2000FDB}.Debug|Any CPU.Build.0 = Debug|Any CPU
		{308FB198-655A-4770-BFE4-CB71D2000FDB}.Release|Any CPU.ActiveCfg = Release|Any CPU
		{308FB198-655A-4770-BFE4-CB71D2000FDB}.Release|Any CPU.Build.0 = Release|Any CPU
	EndGlobalSection
	GlobalSection(SolutionProperties) = preSolution
		HideSolutionNode = FALSE
	EndGlobalSection
	GlobalSection(ExtensibilityGlobals) = postSolution
		SolutionGuid = {4D8A29EC-578C-45CD-8194-7759413C765A}
	EndGlobalSection
EndGlobal
